# THIS IS AN AUTOGENERATED FILE. DO NOT EDIT THIS FILE DIRECTLY.
# yarn lockfile v1


"@types/json-schema@^7.0.9":
  version "7.0.10"
  resolved "https://registry.npmjs.org/@types/json-schema/-/json-schema-7.0.10.tgz#9b05b7896166cd00e9cbd59864853abf65d9ac23"
  integrity sha512-BLO9bBq59vW3fxCpD4o0N4U+DXsvwvIcl+jofw0frQo/GrBFC+/jRZj1E7kgp6dvTyNmA4y6JCV5Id/r3mNP5A==

ajv-formats@^2.1.1:
  version "2.1.1"
  resolved "https://registry.npmjs.org/ajv-formats/-/ajv-formats-2.1.1.tgz#6e669400659eb74973bbf2e33327180a0996b520"
  integrity sha512-Wx0Kx52hxE7C18hkMEggYlEifqWZtYaRgouJor+WMdPnQyEK13vgEWyVNup7SoeeoLMsr4kf5h6dOW11I15MUA==
  dependencies:
    ajv "^8.0.0"

ajv-keywords@^5.0.0:
  version "5.1.0"
  resolved "https://registry.npmjs.org/ajv-keywords/-/ajv-keywords-5.1.0.tgz#69d4d385a4733cdbeab44964a1170a88f87f0e16"
  integrity sha512-YCS/JNFAUyr5vAuhk1DWm1CBxRHW9LbJ2ozWeemrIqpbsqKjHVxYPyi5GC0rjZIT5JxJ3virVTS8wk4i/Z+krw==
  dependencies:
    fast-deep-equal "^3.1.3"

ajv@^8.0.0, ajv@^8.8.0:
  version "8.10.0"
  resolved "https://registry.npmjs.org/ajv/-/ajv-8.10.0.tgz#e573f719bd3af069017e3b66538ab968d040e54d"
  integrity sha512-bzqAEZOjkrUMl2afH8dknrq5KEk2SrwdBROR+vH1EKVQTqaUbJVPdc/gEdggTMM0Se+s+Ja4ju4TlNcStKl2Hw==
  dependencies:
    fast-deep-equal "^3.1.1"
    json-schema-traverse "^1.0.0"
    require-from-string "^2.0.2"
    uri-js "^4.2.2"

asn1@^0.2.4:
  version "0.2.6"
  resolved "https://registry.npmjs.org/asn1/-/asn1-0.2.6.tgz#0d3a7bb6e64e02a90c0303b31f292868ea09a08d"
  integrity sha512-ix/FxPn0MDjeyJ7i/yoHGFt/EX6LyNbxSEhPPXODPL+KB0VPk86UYfL0lMdy+KCnv+fmvIzySwaK5COwqVbWTQ==
  dependencies:
    safer-buffer "~2.1.0"

bcrypt-pbkdf@^1.0.2:
  version "1.0.2"
  resolved "https://registry.npmjs.org/bcrypt-pbkdf/-/bcrypt-pbkdf-1.0.2.tgz#a4301d389b6a43f9b67ff3ca11a3f6637e360e9e"
  integrity sha1-pDAdOJtqQ/m2f/PKEaP2Y342Dp4=
  dependencies:
    tweetnacl "^0.14.3"

colors@^1.4.0:
  version "1.4.0"
  resolved "https://registry.npmjs.org/colors/-/colors-1.4.0.tgz#c50491479d4c1bdaed2c9ced32cf7c7dc2360f78"
  integrity sha512-a+UqTh4kgZg/SlGvfbzDHpgRu7AAQOmmqRHJnxhRZICKFUT91brVhNNt58CMWU9PsBbv3PDCZUHbVxuDiH2mtA==

compression-webpack-plugin@^9.2.0:
  version "9.2.0"
  resolved "https://registry.npmjs.org/compression-webpack-plugin/-/compression-webpack-plugin-9.2.0.tgz#57fd539d17c5907eebdeb4e83dcfe2d7eceb9ef6"
  integrity sha512-R/Oi+2+UHotGfu72fJiRoVpuRifZT0tTC6UqFD/DUo+mv8dbOow9rVOuTvDv5nPPm3GZhHL/fKkwxwIHnJ8Nyw==
  dependencies:
    schema-utils "^4.0.0"
    serialize-javascript "^6.0.0"

cpu-features@0.0.2:
  version "0.0.2"
  resolved "https://registry.npmjs.org/cpu-features/-/cpu-features-0.0.2.tgz#9f636156f1155fd04bdbaa028bb3c2fbef3cea7a"
  integrity sha512-/2yieBqvMcRj8McNzkycjW2v3OIUOibBfd2dLEJ0nWts8NobAxwiyw9phVNS6oDL8x8tz9F7uNVFEVpJncQpeA==
  dependencies:
    nan "^2.14.1"

fast-deep-equal@^3.1.1, fast-deep-equal@^3.1.3:
  version "3.1.3"
  resolved "https://registry.npmjs.org/fast-deep-equal/-/fast-deep-equal-3.1.3.tgz#3a7d56b559d6cbc3eb512325244e619a65c6c525"
  integrity sha512-f3qQ9oQy9j2AhBe/H9VC91wLmKBCCU/gDOnKNAYG5hswO7BLKj09Hc5HYNz9cGI++xlpDCIgDaitVs03ATR84Q==

is-stream@^2.0.0:
  version "2.0.1"
  resolved "https://registry.npmjs.org/is-stream/-/is-stream-2.0.1.tgz#fac1e3d53b97ad5a9d0ae9cef2389f5810a5c077"
  integrity sha512-hFoiJiTl63nn+kstHGBtewWSKnQLpyb155KHheA1l39uvtO9nWIop1p3udqPcUd/xbF1VLMO4n7OI6p7RbngDg==

json-schema-traverse@^1.0.0:
  version "1.0.0"
  resolved "https://registry.npmjs.org/json-schema-traverse/-/json-schema-traverse-1.0.0.tgz#ae7bcb3656ab77a73ba5c49bf654f38e6b6860e2"
  integrity sha512-NM8/P9n3XjXhIZn1lLhkFaACTOURQXjWhV4BA/RnOv8xvgqtqpAX9IO4mRQxSx1Rlo4tqzeqb0sOlruaOy3dug==

make-dir@^3.1.0:
  version "3.1.0"
  resolved "https://registry.npmjs.org/make-dir/-/make-dir-3.1.0.tgz#415e967046b3a7f1d185277d84aa58203726a13f"
  integrity sha512-g3FeP20LNwhALb/6Cz6Dd4F2ngze0jz7tbzrD2wAV+o9FeNHe4rL+yK2md0J/fiSf1sa1ADhXqi5+oVwOM/eGw==
  dependencies:
    semver "^6.0.0"

nan@^2.14.1, nan@^2.15.0:
  version "2.15.0"
  resolved "https://registry.npmjs.org/nan/-/nan-2.15.0.tgz#3f34a473ff18e15c1b5626b62903b5ad6e665fee"
  integrity sha512-8ZtvEnA2c5aYCZYd1cvgdnU6cqwixRoYg70xPLWUws5ORTa/lnw+u4amixRS/Ac5U5mQVgp9pnlSUnbNWFaWZQ==

node-ssh@^12.0.4:
  version "12.0.4"
  resolved "https://registry.npmjs.org/node-ssh/-/node-ssh-12.0.4.tgz#92ac845c9bc9715f2fcf907ff7c9973ca51fd5c0"
  integrity sha512-5M3FBeAWjEpAQvVakQde6CeviEoEiYb6IjJL9mrMen9at63GAv0Q5vOFHFP+SM1Y7pTN3EBvJ/I+oxn2Lpydbw==
  dependencies:
    is-stream "^2.0.0"
    make-dir "^3.1.0"
    sb-promise-queue "^2.1.0"
    sb-scandir "^3.1.0"
    shell-escape "^0.2.0"
    ssh2 "^1.5.0"

punycode@^2.1.0:
  version "2.1.1"
  resolved "https://registry.npmjs.org/punycode/-/punycode-2.1.1.tgz#b58b010ac40c22c5657616c8d2c2c02c7bf479ec"
  integrity sha512-XRsRjdf+j5ml+y/6GKHPZbrF/8p2Yga0JPtdqTIY2Xe5ohJPD9saDJJLPvp9+NSBprVvevdXZybnj2cv8OEd0A==

randombytes@^2.1.0:
  version "2.1.0"
  resolved "https://registry.npmjs.org/randombytes/-/randombytes-2.1.0.tgz#df6f84372f0270dc65cdf6291349ab7a473d4f2a"
  integrity sha512-vYl3iOX+4CKUWuxGi9Ukhie6fsqXqS9FE2Zaic4tNFD2N2QQaXOMFbuKK4QmDHC0JO6B1Zp41J0LpT0oR68amQ==
  dependencies:
    safe-buffer "^5.1.0"

require-from-string@^2.0.2:
  version "2.0.2"
  resolved "https://registry.npmjs.org/require-from-string/-/require-from-string-2.0.2.tgz#89a7fdd938261267318eafe14f9c32e598c36909"
  integrity sha512-Xf0nWe6RseziFMu+Ap9biiUbmplq6S9/p+7w7YXP/JBHhrUDDUhwa+vANyubuqfZWTveU//DYVGsDG7RKL/vEw==

safe-buffer@^5.1.0:
  version "5.2.1"
  resolved "https://registry.npmjs.org/safe-buffer/-/safe-buffer-5.2.1.tgz#1eaf9fa9bdb1fdd4ec75f58f9cdb4e6b7827eec6"
  integrity sha512-rp3So07KcdmmKbGvgaNxQSJr7bGVSVk5S9Eq1F+ppbRo70+YeaDxkw5Dd8NPN+GD6bjnYm2VuPuCXmpuYvmCXQ==

safer-buffer@~2.1.0:
  version "2.1.2"
  resolved "https://registry.npmjs.org/safer-buffer/-/safer-buffer-2.1.2.tgz#44fa161b0187b9549dd84bb91802f9bd8385cd6a"
  integrity sha512-YZo3K82SD7Riyi0E1EQPojLz7kpepnSQI9IyPbHHg1XXXevb5dJI7tpyN2ADxGcQbHG7vcyRHk0cbwqcQriUtg==

sb-promise-queue@^2.1.0:
  version "2.1.0"
  resolved "https://registry.npmjs.org/sb-promise-queue/-/sb-promise-queue-2.1.0.tgz#7e44bebef643f75d809a3db7f605b815d877a04d"
  integrity sha512-zwq4YuP1FQFkGx2Q7GIkZYZ6PqWpV+bg0nIO1sJhWOyGyhqbj0MsTvK6lCFo5TQwX5pZr6SCQ75e8PCDCuNvkg==

sb-scandir@^3.1.0:
  version "3.1.0"
  resolved "https://registry.npmjs.org/sb-scandir/-/sb-scandir-3.1.0.tgz#31c346abb5184b73c5a25b286858f4299aa8756c"
  integrity sha512-70BVm2xz9jn94zSQdpvYrEG101/UV9TVGcfWr9T5iob3QhCK4lYXeculfBqPGFv3XTeKgx4dpWyYIDeZUqo4kg==
  dependencies:
    sb-promise-queue "^2.1.0"

schema-utils@^4.0.0:
  version "4.0.0"
  resolved "https://registry.npmjs.org/schema-utils/-/schema-utils-4.0.0.tgz#60331e9e3ae78ec5d16353c467c34b3a0a1d3df7"
  integrity sha512-1edyXKgh6XnJsJSQ8mKWXnN/BVaIbFMLpouRUrXgVq7WYne5kw3MW7UPhO44uRXQSIpTSXoJbmrR2X0w9kUTyg==
  dependencies:
    "@types/json-schema" "^7.0.9"
    ajv "^8.8.0"
    ajv-formats "^2.1.1"
    ajv-keywords "^5.0.0"

semver@^6.0.0:
  version "6.3.0"
  resolved "https://registry.npmjs.org/semver/-/semver-6.3.0.tgz#ee0a64c8af5e8ceea67687b133761e1becbd1d3d"
  integrity sha512-b39TBaTSfV6yBrapU89p5fKekE2m/NwnDocOVruQFS1/veMgdzuPcnOM34M6CwxW8jH/lxEa5rBoDeUwu5HHTw==

serialize-javascript@^6.0.0:
  version "6.0.0"
  resolved "https://registry.npmjs.org/serialize-javascript/-/serialize-javascript-6.0.0.tgz#efae5d88f45d7924141da8b5c3a7a7e663fefeb8"
  integrity sha512-Qr3TosvguFt8ePWqsvRfrKyQXIiW+nGbYpy8XK24NQHE83caxWt+mIymTT19DGFbNWNLfEwsrkSmN64lVWB9ag==
  dependencies:
    randombytes "^2.1.0"

shell-escape@^0.2.0:
  version "0.2.0"
  resolved "https://registry.npmjs.org/shell-escape/-/shell-escape-0.2.0.tgz#68fd025eb0490b4f567a027f0bf22480b5f84133"
  integrity sha1-aP0CXrBJC09WegJ/C/IkgLX4QTM=

ssh2@^1.5.0:
  version "1.7.0"
  resolved "https://registry.npmjs.org/ssh2/-/ssh2-1.7.0.tgz#7aa30f2a5266f0ffd93944621b4eb1f403330fd4"
  integrity sha512-u1gdFfqKV1PTGR2szS5FImhFii40o+8FOUpg1M//iimNaS4BkTyUVfVdoydXS93M1SquOU02Z4KFhYDBNqQO+g==
  dependencies:
    asn1 "^0.2.4"
    bcrypt-pbkdf "^1.0.2"
  optionalDependencies:
    cpu-features "0.0.2"
    nan "^2.15.0"

tweetnacl@^0.14.3:
  version "0.14.5"
  resolved "https://registry.npmjs.org/tweetnacl/-/tweetnacl-0.14.5.tgz#5ae68177f192d4456269d108afa93ff8743f4f64"
  integrity sha1-WuaBd/GS1EViadEIr6k/+HQ/T2Q=

uri-js@^4.2.2:
  version "4.4.1"
  resolved "https://registry.npmjs.org/uri-js/-/uri-js-4.4.1.tgz#9b1a52595225859e55f669d928f88c6c57f2a77e"
  integrity sha512-7rKUyy33Q1yc98pQ1DAmLtwX109F7TIfWlW1Ydo8Wl1ii1SeHieeh0HHfPeL2fMXK6z0s8ecKs9frCuLJvndBg==
  dependencies:
    punycode "^2.1.0"
